
Microsoft Visual Studio Solution File, Format Version 12.00
# Visual Studio 2012
Project("{8BC9CEB8-8B4A-11D0-8D11-00A0C91BC942}") = "Lame_WP8", "Lame_WP8\Lame_WP8.vcxproj", "{8342D363-8EAC-41F0-AE19-719A019595A2}"
EndProject
Project("{FAE04EC0-301F-11D3-BF4B-00C04F79EFBC}") = "PhoneApp1", "PhoneApp1\PhoneApp1.csproj", "{4F6C236E-C120-4A0F-B4FD-D090D8F08F9B}"
EndProject
Project("{8BC9CEB8-8B4A-11D0-8D11-00A0C91BC942}") = "libmp3lame", "libmp3lame\libmp3lame.vcxproj", "{B565CEAB-6708-4CC2-B37E-ABF80FE8FD43}"
EndProject
Project("{8BC9CEB8-8B4A-11D0-8D11-00A0C91BC942}") = "libmpghip", "libmpghip\libmpghip.vcxproj", "{299E5542-0049-4153-9537-3FFF8099B790}"
EndProject
Global
	GlobalSection(SolutionConfigurationPlatforms) = preSolution
		Debug|Any CPU = Debug|Any CPU
		Debug|ARM = Debug|ARM
		Debug|Mixed Platforms = Debug|Mixed Platforms
		Debug|Win32 = Debug|Win32
		Debug|x86 = Debug|x86
		Release|Any CPU = Release|Any CPU
		Release|ARM = Release|ARM
		Release|Mixed Platforms = Release|Mixed Platforms
		Release|Win32 = Release|Win32
		Release|x86 = Release|x86
		ReleaseNASM|Any CPU = ReleaseNASM|Any CPU
		ReleaseNASM|ARM = ReleaseNASM|ARM
		ReleaseNASM|Mixed Platforms = ReleaseNASM|Mixed Platforms
		ReleaseNASM|Win32 = ReleaseNASM|Win32
		ReleaseNASM|x86 = ReleaseNASM|x86
		ReleaseSSE2|Any CPU = ReleaseSSE2|Any CPU
		ReleaseSSE2|ARM = ReleaseSSE2|ARM
		ReleaseSSE2|Mixed Platforms = ReleaseSSE2|Mixed Platforms
		ReleaseSSE2|Win32 = ReleaseSSE2|Win32
		ReleaseSSE2|x86 = ReleaseSSE2|x86
	EndGlobalSection
	GlobalSection(ProjectConfigurationPlatforms) = postSolution
		{8342D363-8EAC-41F0-AE19-719A019595A2}.Debug|Any CPU.ActiveCfg = Debug|Win32
		{8342D363-8EAC-41F0-AE19-719A019595A2}.Debug|ARM.ActiveCfg = Debug|ARM
		{8342D363-8EAC-41F0-AE19-719A019595A2}.Debug|ARM.Build.0 = Debug|ARM
		{8342D363-8EAC-41F0-AE19-719A019595A2}.Debug|Mixed Platforms.ActiveCfg = Debug|Win32
		{8342D363-8EAC-41F0-AE19-719A019595A2}.Debug|Mixed Platforms.Build.0 = Debug|Win32
		{8342D363-8EAC-41F0-AE19-719A019595A2}.Debug|Win32.ActiveCfg = Debug|Win32
		{8342D363-8EAC-41F0-AE19-719A019595A2}.Debug|Win32.Build.0 = Debug|Win32
		{8342D363-8EAC-41F0-AE19-719A019595A2}.Debug|x86.ActiveCfg = Debug|Win32
		{8342D363-8EAC-41F0-AE19-719A019595A2}.Debug|x86.Build.0 = Debug|Win32
		{8342D363-8EAC-41F0-AE19-719A019595A2}.Release|Any CPU.ActiveCfg = Release|Win32
		{8342D363-8EAC-41F0-AE19-719A019595A2}.Release|ARM.ActiveCfg = Release|ARM
		{8342D363-8EAC-41F0-AE19-719A019595A2}.Release|ARM.Build.0 = Release|ARM
		{8342D363-8EAC-41F0-AE19-719A019595A2}.Release|Mixed Platforms.ActiveCfg = Release|Win32
		{8342D363-8EAC-41F0-AE19-719A019595A2}.Release|Mixed Platforms.Build.0 = Release|Win32
		{8342D363-8EAC-41F0-AE19-719A019595A2}.Release|Win32.ActiveCfg = Release|Win32
		{8342D363-8EAC-41F0-AE19-719A019595A2}.Release|Win32.Build.0 = Release|Win32
		{8342D363-8EAC-41F0-AE19-719A019595A2}.Release|x86.ActiveCfg = Release|Win32
		{8342D363-8EAC-41F0-AE19-719A019595A2}.Release|x86.Build.0 = Release|Win32
		{8342D363-8EAC-41F0-AE19-719A019595A2}.ReleaseNASM|Any CPU.ActiveCfg = Release|Win32
		{8342D363-8EAC-41F0-AE19-719A019595A2}.ReleaseNASM|ARM.ActiveCfg = Release|ARM
		{8342D363-8EAC-41F0-AE19-719A019595A2}.ReleaseNASM|ARM.Build.0 = Release|ARM
		{8342D363-8EAC-41F0-AE19-719A019595A2}.ReleaseNASM|Mixed Platforms.ActiveCfg = Release|Win32
		{8342D363-8EAC-41F0-AE19-719A019595A2}.ReleaseNASM|Mixed Platforms.Build.0 = Release|Win32
		{8342D363-8EAC-41F0-AE19-719A019595A2}.ReleaseNASM|Win32.ActiveCfg = Release|Win32
		{8342D363-8EAC-41F0-AE19-719A019595A2}.ReleaseNASM|Win32.Build.0 = Release|Win32
		{8342D363-8EAC-41F0-AE19-719A019595A2}.ReleaseNASM|x86.ActiveCfg = Release|Win32
		{8342D363-8EAC-41F0-AE19-719A019595A2}.ReleaseNASM|x86.Build.0 = Release|Win32
		{8342D363-8EAC-41F0-AE19-719A019595A2}.ReleaseSSE2|Any CPU.ActiveCfg = Release|Win32
		{8342D363-8EAC-41F0-AE19-719A019595A2}.ReleaseSSE2|ARM.ActiveCfg = Release|ARM
		{8342D363-8EAC-41F0-AE19-719A019595A2}.ReleaseSSE2|ARM.Build.0 = Release|ARM
		{8342D363-8EAC-41F0-AE19-719A019595A2}.ReleaseSSE2|Mixed Platforms.ActiveCfg = Release|Win32
		{8342D363-8EAC-41F0-AE19-719A019595A2}.ReleaseSSE2|Mixed Platforms.Build.0 = Release|Win32
		{8342D363-8EAC-41F0-AE19-719A019595A2}.ReleaseSSE2|Win32.ActiveCfg = Release|Win32
		{8342D363-8EAC-41F0-AE19-719A019595A2}.ReleaseSSE2|Win32.Build.0 = Release|Win32
		{8342D363-8EAC-41F0-AE19-719A019595A2}.ReleaseSSE2|x86.ActiveCfg = Release|Win32
		{8342D363-8EAC-41F0-AE19-719A019595A2}.ReleaseSSE2|x86.Build.0 = Release|Win32
		{4F6C236E-C120-4A0F-B4FD-D090D8F08F9B}.Debug|Any CPU.ActiveCfg = Debug|Any CPU
		{4F6C236E-C120-4A0F-B4FD-D090D8F08F9B}.Debug|Any CPU.Build.0 = Debug|Any CPU
		{4F6C236E-C120-4A0F-B4FD-D090D8F08F9B}.Debug|Any CPU.Deploy.0 = Debug|Any CPU
		{4F6C236E-C120-4A0F-B4FD-D090D8F08F9B}.Debug|ARM.ActiveCfg = Debug|ARM
		{4F6C236E-C120-4A0F-B4FD-D090D8F08F9B}.Debug|ARM.Build.0 = Debug|ARM
		{4F6C236E-C120-4A0F-B4FD-D090D8F08F9B}.Debug|ARM.Deploy.0 = Debug|ARM
		{4F6C236E-C120-4A0F-B4FD-D090D8F08F9B}.Debug|Mixed Platforms.ActiveCfg = Debug|x86
		{4F6C236E-C120-4A0F-B4FD-D090D8F08F9B}.Debug|Mixed Platforms.Build.0 = Debug|x86
		{4F6C236E-C120-4A0F-B4FD-D090D8F08F9B}.Debug|Mixed Platforms.Deploy.0 = Debug|x86
		{4F6C236E-C120-4A0F-B4FD-D090D8F08F9B}.Debug|Win32.ActiveCfg = Debug|x86
		{4F6C236E-C120-4A0F-B4FD-D090D8F08F9B}.Debug|Win32.Build.0 = Debug|x86
		{4F6C236E-C120-4A0F-B4FD-D090D8F08F9B}.Debug|Win32.Deploy.0 = Debug|x86
		{4F6C236E-C120-4A0F-B4FD-D090D8F08F9B}.Debug|x86.ActiveCfg = Debug|x86
		{4F6C236E-C120-4A0F-B4FD-D090D8F08F9B}.Debug|x86.Build.0 = Debug|x86
		{4F6C236E-C120-4A0F-B4FD-D090D8F08F9B}.Debug|x86.Deploy.0 = Debug|x86
		{4F6C236E-C120-4A0F-B4FD-D090D8F08F9B}.Release|Any CPU.ActiveCfg = Release|Any CPU
		{4F6C236E-C120-4A0F-B4FD-D090D8F08F9B}.Release|Any CPU.Build.0 = Release|Any CPU
		{4F6C236E-C120-4A0F-B4FD-D090D8F08F9B}.Release|Any CPU.Deploy.0 = Release|Any CPU
		{4F6C236E-C120-4A0F-B4FD-D090D8F08F9B}.Release|ARM.ActiveCfg = Release|ARM
		{4F6C236E-C120-4A0F-B4FD-D090D8F08F9B}.Release|ARM.Build.0 = Release|ARM
		{4F6C236E-C120-4A0F-B4FD-D090D8F08F9B}.Release|ARM.Deploy.0 = Release|ARM
		{4F6C236E-C120-4A0F-B4FD-D090D8F08F9B}.Release|Mixed Platforms.ActiveCfg = Release|x86
		{4F6C236E-C120-4A0F-B4FD-D090D8F08F9B}.Release|Mixed Platforms.Build.0 = Release|x86
		{4F6C236E-C120-4A0F-B4FD-D090D8F08F9B}.Release|Mixed Platforms.Deploy.0 = Release|x86
		{4F6C236E-C120-4A0F-B4FD-D090D8F08F9B}.Release|Win32.ActiveCfg = Release|x86
		{4F6C236E-C120-4A0F-B4FD-D090D8F08F9B}.Release|Win32.Build.0 = Release|x86
		{4F6C236E-C120-4A0F-B4FD-D090D8F08F9B}.Release|Win32.Deploy.0 = Release|x86
		{4F6C236E-C120-4A0F-B4FD-D090D8F08F9B}.Release|x86.ActiveCfg = Release|x86
		{4F6C236E-C120-4A0F-B4FD-D090D8F08F9B}.Release|x86.Build.0 = Release|x86
		{4F6C236E-C120-4A0F-B4FD-D090D8F08F9B}.Release|x86.Deploy.0 = Release|x86
		{4F6C236E-C120-4A0F-B4FD-D090D8F08F9B}.ReleaseNASM|Any CPU.ActiveCfg = Release|Any CPU
		{4F6C236E-C120-4A0F-B4FD-D090D8F08F9B}.ReleaseNASM|Any CPU.Build.0 = Release|Any CPU
		{4F6C236E-C120-4A0F-B4FD-D090D8F08F9B}.ReleaseNASM|Any CPU.Deploy.0 = Release|Any CPU
		{4F6C236E-C120-4A0F-B4FD-D090D8F08F9B}.ReleaseNASM|ARM.ActiveCfg = Release|ARM
		{4F6C236E-C120-4A0F-B4FD-D090D8F08F9B}.ReleaseNASM|ARM.Build.0 = Release|ARM
		{4F6C236E-C120-4A0F-B4FD-D090D8F08F9B}.ReleaseNASM|ARM.Deploy.0 = Release|ARM
		{4F6C236E-C120-4A0F-B4FD-D090D8F08F9B}.ReleaseNASM|Mixed Platforms.ActiveCfg = Release|x86
		{4F6C236E-C120-4A0F-B4FD-D090D8F08F9B}.ReleaseNASM|Mixed Platforms.Build.0 = Release|x86
		{4F6C236E-C120-4A0F-B4FD-D090D8F08F9B}.ReleaseNASM|Mixed Platforms.Deploy.0 = Release|x86
		{4F6C236E-C120-4A0F-B4FD-D090D8F08F9B}.ReleaseNASM|Win32.ActiveCfg = Release|x86
		{4F6C236E-C120-4A0F-B4FD-D090D8F08F9B}.ReleaseNASM|Win32.Build.0 = Release|x86
		{4F6C236E-C120-4A0F-B4FD-D090D8F08F9B}.ReleaseNASM|Win32.Deploy.0 = Release|x86
		{4F6C236E-C120-4A0F-B4FD-D090D8F08F9B}.ReleaseNASM|x86.ActiveCfg = Release|x86
		{4F6C236E-C120-4A0F-B4FD-D090D8F08F9B}.ReleaseNASM|x86.Build.0 = Release|x86
		{4F6C236E-C120-4A0F-B4FD-D090D8F08F9B}.ReleaseNASM|x86.Deploy.0 = Release|x86
		{4F6C236E-C120-4A0F-B4FD-D090D8F08F9B}.ReleaseSSE2|Any CPU.ActiveCfg = Release|Any CPU
		{4F6C236E-C120-4A0F-B4FD-D090D8F08F9B}.ReleaseSSE2|Any CPU.Build.0 = Release|Any CPU
		{4F6C236E-C120-4A0F-B4FD-D090D8F08F9B}.ReleaseSSE2|Any CPU.Deploy.0 = Release|Any CPU
		{4F6C236E-C120-4A0F-B4FD-D090D8F08F9B}.ReleaseSSE2|ARM.ActiveCfg = Release|ARM
		{4F6C236E-C120-4A0F-B4FD-D090D8F08F9B}.ReleaseSSE2|ARM.Build.0 = Release|ARM
		{4F6C236E-C120-4A0F-B4FD-D090D8F08F9B}.ReleaseSSE2|ARM.Deploy.0 = Release|ARM
		{4F6C236E-C120-4A0F-B4FD-D090D8F08F9B}.ReleaseSSE2|Mixed Platforms.ActiveCfg = Release|x86
		{4F6C236E-C120-4A0F-B4FD-D090D8F08F9B}.ReleaseSSE2|Mixed Platforms.Build.0 = Release|x86
		{4F6C236E-C120-4A0F-B4FD-D090D8F08F9B}.ReleaseSSE2|Mixed Platforms.Deploy.0 = Release|x86
		{4F6C236E-C120-4A0F-B4FD-D090D8F08F9B}.ReleaseSSE2|Win32.ActiveCfg = Release|x86
		{4F6C236E-C120-4A0F-B4FD-D090D8F08F9B}.ReleaseSSE2|Win32.Build.0 = Release|x86
		{4F6C236E-C120-4A0F-B4FD-D090D8F08F9B}.ReleaseSSE2|Win32.Deploy.0 = Release|x86
		{4F6C236E-C120-4A0F-B4FD-D090D8F08F9B}.ReleaseSSE2|x86.ActiveCfg = Release|x86
		{4F6C236E-C120-4A0F-B4FD-D090D8F08F9B}.ReleaseSSE2|x86.Build.0 = Release|x86
		{4F6C236E-C120-4A0F-B4FD-D090D8F08F9B}.ReleaseSSE2|x86.Deploy.0 = Release|x86
		{B565CEAB-6708-4CC2-B37E-ABF80FE8FD43}.Debug|Any CPU.ActiveCfg = Debug|Win32
		{B565CEAB-6708-4CC2-B37E-ABF80FE8FD43}.Debug|ARM.ActiveCfg = Debug|ARM
		{B565CEAB-6708-4CC2-B37E-ABF80FE8FD43}.Debug|ARM.Build.0 = Debug|ARM
		{B565CEAB-6708-4CC2-B37E-ABF80FE8FD43}.Debug|Mixed Platforms.ActiveCfg = Debug|Win32
		{B565CEAB-6708-4CC2-B37E-ABF80FE8FD43}.Debug|Mixed Platforms.Build.0 = Debug|Win32
		{B565CEAB-6708-4CC2-B37E-ABF80FE8FD43}.Debug|Win32.ActiveCfg = Debug|Win32
		{B565CEAB-6708-4CC2-B37E-ABF80FE8FD43}.Debug|Win32.Build.0 = Debug|Win32
		{B565CEAB-6708-4CC2-B37E-ABF80FE8FD43}.Debug|x86.ActiveCfg = Debug|Win32
		{B565CEAB-6708-4CC2-B37E-ABF80FE8FD43}.Debug|x86.Build.0 = Debug|Win32
		{B565CEAB-6708-4CC2-B37E-ABF80FE8FD43}.Release|Any CPU.ActiveCfg = Release|Win32
		{B565CEAB-6708-4CC2-B37E-ABF80FE8FD43}.Release|ARM.ActiveCfg = Release|ARM
		{B565CEAB-6708-4CC2-B37E-ABF80FE8FD43}.Release|ARM.Build.0 = Release|ARM
		{B565CEAB-6708-4CC2-B37E-ABF80FE8FD43}.Release|Mixed Platforms.ActiveCfg = Release|Win32
		{B565CEAB-6708-4CC2-B37E-ABF80FE8FD43}.Release|Mixed Platforms.Build.0 = Release|Win32
		{B565CEAB-6708-4CC2-B37E-ABF80FE8FD43}.Release|Win32.ActiveCfg = Release|Win32
		{B565CEAB-6708-4CC2-B37E-ABF80FE8FD43}.Release|Win32.Build.0 = Release|Win32
		{B565CEAB-6708-4CC2-B37E-ABF80FE8FD43}.Release|x86.ActiveCfg = Release|Win32
		{B565CEAB-6708-4CC2-B37E-ABF80FE8FD43}.Release|x86.Build.0 = Release|Win32
		{B565CEAB-6708-4CC2-B37E-ABF80FE8FD43}.ReleaseNASM|Any CPU.ActiveCfg = Release|Win32
		{B565CEAB-6708-4CC2-B37E-ABF80FE8FD43}.ReleaseNASM|ARM.ActiveCfg = Release|ARM
		{B565CEAB-6708-4CC2-B37E-ABF80FE8FD43}.ReleaseNASM|ARM.Build.0 = Release|ARM
		{B565CEAB-6708-4CC2-B37E-ABF80FE8FD43}.ReleaseNASM|Mixed Platforms.ActiveCfg = Release|Win32
		{B565CEAB-6708-4CC2-B37E-ABF80FE8FD43}.ReleaseNASM|Mixed Platforms.Build.0 = Release|Win32
		{B565CEAB-6708-4CC2-B37E-ABF80FE8FD43}.ReleaseNASM|Win32.ActiveCfg = Release|Win32
		{B565CEAB-6708-4CC2-B37E-ABF80FE8FD43}.ReleaseNASM|Win32.Build.0 = Release|Win32
		{B565CEAB-6708-4CC2-B37E-ABF80FE8FD43}.ReleaseNASM|x86.ActiveCfg = Release|Win32
		{B565CEAB-6708-4CC2-B37E-ABF80FE8FD43}.ReleaseNASM|x86.Build.0 = Release|Win32
		{B565CEAB-6708-4CC2-B37E-ABF80FE8FD43}.ReleaseSSE2|Any CPU.ActiveCfg = Release|Win32
		{B565CEAB-6708-4CC2-B37E-ABF80FE8FD43}.ReleaseSSE2|ARM.ActiveCfg = Release|ARM
		{B565CEAB-6708-4CC2-B37E-ABF80FE8FD43}.ReleaseSSE2|ARM.Build.0 = Release|ARM
		{B565CEAB-6708-4CC2-B37E-ABF80FE8FD43}.ReleaseSSE2|Mixed Platforms.ActiveCfg = Release|Win32
		{B565CEAB-6708-4CC2-B37E-ABF80FE8FD43}.ReleaseSSE2|Mixed Platforms.Build.0 = Release|Win32
		{B565CEAB-6708-4CC2-B37E-ABF80FE8FD43}.ReleaseSSE2|Win32.ActiveCfg = Release|Win32
		{B565CEAB-6708-4CC2-B37E-ABF80FE8FD43}.ReleaseSSE2|Win32.Build.0 = Release|Win32
		{B565CEAB-6708-4CC2-B37E-ABF80FE8FD43}.ReleaseSSE2|x86.ActiveCfg = Release|Win32
		{B565CEAB-6708-4CC2-B37E-ABF80FE8FD43}.ReleaseSSE2|x86.Build.0 = Release|Win32
		{299E5542-0049-4153-9537-3FFF8099B790}.Debug|Any CPU.ActiveCfg = Debug|Win32
		{299E5542-0049-4153-9537-3FFF8099B790}.Debug|ARM.ActiveCfg = Debug|ARM
		{299E5542-0049-4153-9537-3FFF8099B790}.Debug|ARM.Build.0 = Debug|ARM
		{299E5542-0049-4153-9537-3FFF8099B790}.Debug|Mixed Platforms.ActiveCfg = Debug|Win32
		{299E5542-0049-4153-9537-3FFF8099B790}.Debug|Mixed Platforms.Build.0 = Debug|Win32
		{299E5542-0049-4153-9537-3FFF8099B790}.Debug|Win32.ActiveCfg = Debug|Win32
		{299E5542-0049-4153-9537-3FFF8099B790}.Debug|Win32.Build.0 = Debug|Win32
		{299E5542-0049-4153-9537-3FFF8099B790}.Debug|x86.ActiveCfg = Debug|Win32
		{299E5542-0049-4153-9537-3FFF8099B790}.Debug|x86.Build.0 = Debug|Win32
		{299E5542-0049-4153-9537-3FFF8099B790}.Release|Any CPU.ActiveCfg = Release|Win32
		{299E5542-0049-4153-9537-3FFF8099B790}.Release|ARM.ActiveCfg = Release|ARM
		{299E5542-0049-4153-9537-3FFF8099B790}.Release|ARM.Build.0 = Release|ARM
		{299E5542-0049-4153-9537-3FFF8099B790}.Release|Mixed Platforms.ActiveCfg = Release|Win32
		{299E5542-0049-4153-9537-3FFF8099B790}.Release|Mixed Platforms.Build.0 = Release|Win32
		{299E5542-0049-4153-9537-3FFF8099B790}.Release|Win32.ActiveCfg = Release|Win32
		{299E5542-0049-4153-9537-3FFF8099B790}.Release|Win32.Build.0 = Release|Win32
		{299E5542-0049-4153-9537-3FFF8099B790}.Release|x86.ActiveCfg = Release|Win32
		{299E5542-0049-4153-9537-3FFF8099B790}.Release|x86.Build.0 = Release|Win32
		{299E5542-0049-4153-9537-3FFF8099B790}.ReleaseNASM|Any CPU.ActiveCfg = Release|Win32
		{299E5542-0049-4153-9537-3FFF8099B790}.ReleaseNASM|ARM.ActiveCfg = Release|ARM
		{299E5542-0049-4153-9537-3FFF8099B790}.ReleaseNASM|ARM.Build.0 = Release|ARM
		{299E5542-0049-4153-9537-3FFF8099B790}.ReleaseNASM|Mixed Platforms.ActiveCfg = Release|Win32
		{299E5542-0049-4153-9537-3FFF8099B790}.ReleaseNASM|Mixed Platforms.Build.0 = Release|Win32
		{299E5542-0049-4153-9537-3FFF8099B790}.ReleaseNASM|Win32.ActiveCfg = Release|Win32
		{299E5542-0049-4153-9537-3FFF8099B790}.ReleaseNASM|Win32.Build.0 = Release|Win32
		{299E5542-0049-4153-9537-3FFF8099B790}.ReleaseNASM|x86.ActiveCfg = Release|Win32
		{299E5542-0049-4153-9537-3FFF8099B790}.ReleaseNASM|x86.Build.0 = Release|Win32
		{299E5542-0049-4153-9537-3FFF8099B790}.ReleaseSSE2|Any CPU.ActiveCfg = Release|Win32
		{299E5542-0049-4153-9537-3FFF8099B790}.ReleaseSSE2|ARM.ActiveCfg = Release|ARM
		{299E5542-0049-4153-9537-3FFF8099B790}.ReleaseSSE2|ARM.Build.0 = Release|ARM
		{299E5542-0049-4153-9537-3FFF8099B790}.ReleaseSSE2|Mixed Platforms.ActiveCfg = Release|Win32
		{299E5542-0049-4153-9537-3FFF8099B790}.ReleaseSSE2|Mixed Platforms.Build.0 = Release|Win32
		{299E5542-0049-4153-9537-3FFF8099B790}.ReleaseSSE2|Win32.ActiveCfg = Release|Win32
		{299E5542-0049-4153-9537-3FFF8099B790}.ReleaseSSE2|Win32.Build.0 = Release|Win32
		{299E5542-0049-4153-9537-3FFF8099B790}.ReleaseSSE2|x86.ActiveCfg = Release|Win32
		{299E5542-0049-4153-9537-3FFF8099B790}.ReleaseSSE2|x86.Build.0 = Release|Win32
	EndGlobalSection
	GlobalSection(SolutionProperties) = preSolution
		HideSolutionNode = FALSE
	EndGlobalSection
EndGlobal
