
Microsoft Visual Studio Solution File, Format Version 12.00
# Visual Studio 14
VisualStudioVersion = 14.0.24720.0
MinimumVisualStudioVersion = 10.0.40219.1
Project("{8BC9CEB8-8B4A-11D0-8D11-00A0C91BC942}") = "libmp3lame", "libmp3lame\libmp3lame.vcxproj", "{A67CB99E-F7C4-41C0-AEE3-EC73FBB5867C}"
EndProject
Project("{8BC9CEB8-8B4A-11D0-8D11-00A0C91BC942}") = "libmpghip", "..\libmpghip\libmpghip.vcxproj", "{615EF905-6CA2-4136-A974-0CD993BDEECE}"
EndProject
Global
	GlobalSection(SolutionConfigurationPlatforms) = preSolution
		Debug|ARM = Debug|ARM
		Debug|x64 = Debug|x64
		Debug|x86 = Debug|x86
		Release|ARM = Release|ARM
		Release|x64 = Release|x64
		Release|x86 = Release|x86
	EndGlobalSection
	GlobalSection(ProjectConfigurationPlatforms) = postSolution
		{A67CB99E-F7C4-41C0-AEE3-EC73FBB5867C}.Debug|ARM.ActiveCfg = Debug|ARM
		{A67CB99E-F7C4-41C0-AEE3-EC73FBB5867C}.Debug|ARM.Build.0 = Debug|ARM
		{A67CB99E-F7C4-41C0-AEE3-EC73FBB5867C}.Debug|x64.ActiveCfg = Debug|x64
		{A67CB99E-F7C4-41C0-AEE3-EC73FBB5867C}.Debug|x64.Build.0 = Debug|x64
		{A67CB99E-F7C4-41C0-AEE3-EC73FBB5867C}.Debug|x86.ActiveCfg = Debug|Win32
		{A67CB99E-F7C4-41C0-AEE3-EC73FBB5867C}.Debug|x86.Build.0 = Debug|Win32
		{A67CB99E-F7C4-41C0-AEE3-EC73FBB5867C}.Release|ARM.ActiveCfg = Release|ARM
		{A67CB99E-F7C4-41C0-AEE3-EC73FBB5867C}.Release|ARM.Build.0 = Release|ARM
		{A67CB99E-F7C4-41C0-AEE3-EC73FBB5867C}.Release|x64.ActiveCfg = Release|x64
		{A67CB99E-F7C4-41C0-AEE3-EC73FBB5867C}.Release|x64.Build.0 = Release|x64
		{A67CB99E-F7C4-41C0-AEE3-EC73FBB5867C}.Release|x86.ActiveCfg = Release|Win32
		{A67CB99E-F7C4-41C0-AEE3-EC73FBB5867C}.Release|x86.Build.0 = Release|Win32
		{615EF905-6CA2-4136-A974-0CD993BDEECE}.Debug|ARM.ActiveCfg = Debug|ARM
		{615EF905-6CA2-4136-A974-0CD993BDEECE}.Debug|ARM.Build.0 = Debug|ARM
		{615EF905-6CA2-4136-A974-0CD993BDEECE}.Debug|x64.ActiveCfg = Debug|x64
		{615EF905-6CA2-4136-A974-0CD993BDEECE}.Debug|x64.Build.0 = Debug|x64
		{615EF905-6CA2-4136-A974-0CD993BDEECE}.Debug|x86.ActiveCfg = Debug|Win32
		{615EF905-6CA2-4136-A974-0CD993BDEECE}.Debug|x86.Build.0 = Debug|Win32
		{615EF905-6CA2-4136-A974-0CD993BDEECE}.Release|ARM.ActiveCfg = Release|ARM
		{615EF905-6CA2-4136-A974-0CD993BDEECE}.Release|ARM.Build.0 = Release|ARM
		{615EF905-6CA2-4136-A974-0CD993BDEECE}.Release|x64.ActiveCfg = Release|x64
		{615EF905-6CA2-4136-A974-0CD993BDEECE}.Release|x64.Build.0 = Release|x64
		{615EF905-6CA2-4136-A974-0CD993BDEECE}.Release|x86.ActiveCfg = Release|Win32
		{615EF905-6CA2-4136-A974-0CD993BDEECE}.Release|x86.Build.0 = Release|Win32
	EndGlobalSection
	GlobalSection(SolutionProperties) = preSolution
		HideSolutionNode = FALSE
	EndGlobalSection
EndGlobal
