<?xml version="1.0" encoding="utf-8"?>
<Project ToolsVersion="14.0" xmlns="http://schemas.microsoft.com/developer/msbuild/2003">
  <ItemGroup>
    <Filter Include="Resource Files">
      <UniqueIdentifier>{67DA6AB6-F800-4c08-8B7A-83BB121AAD01}</UniqueIdentifier>
      <Extensions>rc;ico;cur;bmp;dlg;rc2;rct;bin;rgs;gif;jpg;jpeg;jpe;resx;tga;tiff;tif;png;wav;mfcribbon-ms</Extensions>
    </Filter>
    <Filter Include="include">
      <UniqueIdentifier>{13d0e9b1-1dfc-4086-a4d1-8585a9e80916}</UniqueIdentifier>
    </Filter>
    <Filter Include="src">
      <UniqueIdentifier>{143eed69-261f-419d-8b02-38b954465006}</UniqueIdentifier>
    </Filter>
  </ItemGroup>
  <ItemGroup>
    <ClCompile Include="..\..\..\src\libmp3lame\bitstream.c">
      <Filter>src</Filter>
    </ClCompile>
    <ClCompile Include="..\..\..\src\libmp3lame\encoder.c">
      <Filter>src</Filter>
    </ClCompile>
    <ClCompile Include="..\..\..\src\libmp3lame\fft.c">
      <Filter>src</Filter>
    </ClCompile>
    <ClCompile Include="..\..\..\src\libmp3lame\gain_analysis.c">
      <Filter>src</Filter>
    </ClCompile>
    <ClCompile Include="..\..\..\src\libmp3lame\id3tag.c">
      <Filter>src</Filter>
    </ClCompile>
    <ClCompile Include="..\..\..\src\libmp3lame\lame.c">
      <Filter>src</Filter>
    </ClCompile>
    <ClCompile Include="..\..\..\src\libmp3lame\mpglib_interface.c">
      <Filter>src</Filter>
    </ClCompile>
    <ClCompile Include="..\..\..\src\libmp3lame\newmdct.c">
      <Filter>src</Filter>
    </ClCompile>
    <ClCompile Include="..\..\..\src\libmp3lame\presets.c">
      <Filter>src</Filter>
    </ClCompile>
    <ClCompile Include="..\..\..\src\libmp3lame\psymodel.c">
      <Filter>src</Filter>
    </ClCompile>
    <ClCompile Include="..\..\..\src\libmp3lame\quantize.c">
      <Filter>src</Filter>
    </ClCompile>
    <ClCompile Include="..\..\..\src\libmp3lame\quantize_pvt.c">
      <Filter>src</Filter>
    </ClCompile>
    <ClCompile Include="..\..\..\src\libmp3lame\reservoir.c">
      <Filter>src</Filter>
    </ClCompile>
    <ClCompile Include="..\..\..\src\libmp3lame\set_get.c">
      <Filter>src</Filter>
    </ClCompile>
    <ClCompile Include="..\..\..\src\libmp3lame\tables.c">
      <Filter>src</Filter>
    </ClCompile>
    <ClCompile Include="..\..\..\src\libmp3lame\takehiro.c">
      <Filter>src</Filter>
    </ClCompile>
    <ClCompile Include="..\..\..\src\libmp3lame\util.c">
      <Filter>src</Filter>
    </ClCompile>
    <ClCompile Include="..\..\..\src\libmp3lame\vbrquantize.c">
      <Filter>src</Filter>
    </ClCompile>
    <ClCompile Include="..\..\..\src\libmp3lame\VbrTag.c">
      <Filter>src</Filter>
    </ClCompile>
    <ClCompile Include="..\..\..\src\libmp3lame\version.c">
      <Filter>src</Filter>
    </ClCompile>
    <ClCompile Include="..\..\..\src\libmp3lame\vector\xmm_quantize_sub.c">
      <Filter>src</Filter>
    </ClCompile>
  </ItemGroup>
  <ItemGroup>
    <ClInclude Include="..\..\..\src\libmp3lame\bitstream.h">
      <Filter>include</Filter>
    </ClInclude>
    <ClInclude Include="..\..\..\src\libmp3lame\encoder.h">
      <Filter>include</Filter>
    </ClInclude>
    <ClInclude Include="..\..\..\src\libmp3lame\fft.h">
      <Filter>include</Filter>
    </ClInclude>
    <ClInclude Include="..\..\..\src\libmp3lame\gain_analysis.h">
      <Filter>include</Filter>
    </ClInclude>
    <ClInclude Include="..\..\..\src\libmp3lame\id3tag.h">
      <Filter>include</Filter>
    </ClInclude>
    <ClInclude Include="..\..\..\src\libmp3lame\l3side.h">
      <Filter>include</Filter>
    </ClInclude>
    <ClInclude Include="..\..\..\src\libmp3lame\lame_global_flags.h">
      <Filter>include</Filter>
    </ClInclude>
    <ClInclude Include="..\..\..\src\libmp3lame\lame-analysis.h">
      <Filter>include</Filter>
    </ClInclude>
    <ClInclude Include="..\..\..\src\libmp3lame\lameerror.h">
      <Filter>include</Filter>
    </ClInclude>
    <ClInclude Include="..\..\..\src\libmp3lame\machine.h">
      <Filter>include</Filter>
    </ClInclude>
    <ClInclude Include="..\..\..\src\libmp3lame\newmdct.h">
      <Filter>include</Filter>
    </ClInclude>
    <ClInclude Include="..\..\..\src\libmp3lame\psymodel.h">
      <Filter>include</Filter>
    </ClInclude>
    <ClInclude Include="..\..\..\src\libmp3lame\quantize.h">
      <Filter>include</Filter>
    </ClInclude>
    <ClInclude Include="..\..\..\src\libmp3lame\quantize_pvt.h">
      <Filter>include</Filter>
    </ClInclude>
    <ClInclude Include="..\..\..\src\libmp3lame\reservoir.h">
      <Filter>include</Filter>
    </ClInclude>
    <ClInclude Include="..\..\..\src\libmp3lame\set_get.h">
      <Filter>include</Filter>
    </ClInclude>
    <ClInclude Include="..\..\..\src\libmp3lame\tables.h">
      <Filter>include</Filter>
    </ClInclude>
    <ClInclude Include="..\..\..\src\libmp3lame\util.h">
      <Filter>include</Filter>
    </ClInclude>
    <ClInclude Include="..\..\..\src\libmp3lame\vbrquantize.h">
      <Filter>include</Filter>
    </ClInclude>
    <ClInclude Include="..\..\..\src\libmp3lame\VbrTag.h">
      <Filter>include</Filter>
    </ClInclude>
    <ClInclude Include="..\..\..\src\libmp3lame\version.h">
      <Filter>include</Filter>
    </ClInclude>
    <ClInclude Include="..\..\..\src\libmp3lame\vector\lame_intrin.h">
      <Filter>include</Filter>
    </ClInclude>
  </ItemGroup>
</Project>