<?xml version="1.0" encoding="utf-8"?>
<Project ToolsVersion="14.0" xmlns="http://schemas.microsoft.com/developer/msbuild/2003">
  <ItemGroup>
    <Filter Include="Resource Files">
      <UniqueIdentifier>{67DA6AB6-F800-4c08-8B7A-83BB121AAD01}</UniqueIdentifier>
      <Extensions>rc;ico;cur;bmp;dlg;rc2;rct;bin;rgs;gif;jpg;jpeg;jpe;resx;tga;tiff;tif;png;wav;mfcribbon-ms</Extensions>
    </Filter>
    <Filter Include="src">
      <UniqueIdentifier>{7b3f1c20-140f-496c-b925-8c74c0a4c6cd}</UniqueIdentifier>
    </Filter>
    <Filter Include="include">
      <UniqueIdentifier>{2c06d2b4-9032-4e83-a43d-8feedfd773d8}</UniqueIdentifier>
    </Filter>
  </ItemGroup>
  <ItemGroup>
    <ClCompile Include="..\..\src\mpglib\common.c">
      <Filter>src</Filter>
    </ClCompile>
    <ClCompile Include="..\..\src\mpglib\dct64_i386.c">
      <Filter>src</Filter>
    </ClCompile>
    <ClCompile Include="..\..\src\mpglib\decode_i386.c">
      <Filter>src</Filter>
    </ClCompile>
    <ClCompile Include="..\..\src\mpglib\interface.c">
      <Filter>src</Filter>
    </ClCompile>
    <ClCompile Include="..\..\src\mpglib\layer1.c">
      <Filter>src</Filter>
    </ClCompile>
    <ClCompile Include="..\..\src\mpglib\layer2.c">
      <Filter>src</Filter>
    </ClCompile>
    <ClCompile Include="..\..\src\mpglib\layer3.c">
      <Filter>src</Filter>
    </ClCompile>
    <ClCompile Include="..\..\src\mpglib\tabinit.c">
      <Filter>src</Filter>
    </ClCompile>
  </ItemGroup>
  <ItemGroup>
    <ClInclude Include="..\..\src\mpglib\common.h">
      <Filter>include</Filter>
    </ClInclude>
    <ClInclude Include="..\..\src\mpglib\dct64_i386.h">
      <Filter>include</Filter>
    </ClInclude>
    <ClInclude Include="..\..\src\mpglib\decode_i386.h">
      <Filter>include</Filter>
    </ClInclude>
    <ClInclude Include="..\..\src\mpglib\huffman.h">
      <Filter>include</Filter>
    </ClInclude>
    <ClInclude Include="..\..\src\mpglib\interface.h">
      <Filter>include</Filter>
    </ClInclude>
    <ClInclude Include="..\..\src\mpglib\l2tables.h">
      <Filter>include</Filter>
    </ClInclude>
    <ClInclude Include="..\..\src\mpglib\layer1.h">
      <Filter>include</Filter>
    </ClInclude>
    <ClInclude Include="..\..\src\mpglib\layer2.h">
      <Filter>include</Filter>
    </ClInclude>
    <ClInclude Include="..\..\src\mpglib\tabinit.h">
      <Filter>include</Filter>
    </ClInclude>
    <ClInclude Include="..\..\src\mpglib\mpglib.h">
      <Filter>include</Filter>
    </ClInclude>
    <ClInclude Include="..\..\src\mpglib\mpg123.h">
      <Filter>include</Filter>
    </ClInclude>
    <ClInclude Include="..\..\src\mpglib\layer3.h">
      <Filter>include</Filter>
    </ClInclude>
  </ItemGroup>
</Project>